DEPENDENCIES
  apt (~> 2.0)
  enterprise
    git: https://github.com/opscode-cookbooks/enterprise-chef-common.git
    revision: bbbe5f85f13d5828b116cef72de9f31f7bec8a23
    tag: 0.4.5
  omnibus
  omnibus-supermarket
    path: cookbooks/omnibus-supermarket
  yum-epel (~> 0.6)

GRAPH
  7-zip (1.0.2)
    windows (>= 1.2.2)
  apt (2.6.1)
  bluepill (2.3.1)
    rsyslog (>= 0.0.0)
  build-essential (2.1.3)
  chef-sugar (2.5.0)
  chef_handler (1.1.6)
  enterprise (0.4.4)
    runit (> 1.0.0)
  homebrew (1.12.0)
    build-essential (>= 2.1.2)
  nginx (2.7.4)
    apt (~> 2.2)
    bluepill (~> 2.3)
    build-essential (~> 2.0)
    ohai (~> 2.0)
    runit (~> 1.2)
    yum-epel (~> 0.3)
  ohai (2.0.1)
  omnibus (2.5.5)
    7-zip (~> 1.0)
    build-essential (~> 2.0)
    chef-sugar (~> 2.0)
    homebrew (~> 1.9)
    windows (~> 1.30)
    wix (~> 1.1)
  omnibus-supermarket (1.0.0)
    enterprise (>= 0.0.0)
    nginx (>= 0.0.0)
    omnibus (>= 0.0.0)
    runit (>= 0.0.0)
    sysctl (>= 0.0.0)
    unicorn (>= 0.0.0)
  rsyslog (1.14.0)
  runit (1.5.16)
    build-essential (>= 0.0.0)
    yum (~> 3.0)
    yum-epel (>= 0.0.0)
  sysctl (0.6.2)
    ohai (>= 0.0.0)
  unicorn (2.0.0)
  windows (1.36.6)
    chef_handler (>= 0.0.0)
  wix (1.1.0)
    windows (>= 1.2.2)
  yum (3.5.3)
  yum-epel (0.6.0)
    yum (~> 3.0)
