DEPENDENCIES
  enterprise
    git: https://github.com/opscode-cookbooks/enterprise-chef-common.git
    revision: 76da59088177a774513b3eb30fff54c0c294fe33
    tag: 0.6.0
  omnibus-supermarket
    path: .
    metadata: true

GRAPH
  7-zip (1.0.2)
    windows (>= 1.2.2)
  apt (2.6.0)
  bluepill (2.3.1)
    rsyslog (>= 0.0.0)
  build-essential (2.0.6)
  chef-sugar (2.4.1)
  chef_handler (1.1.6)
  enterprise (0.6.0)
    runit (> 1.0.0)
  homebrew (1.9.2)
  nginx (2.7.4)
    apt (~> 2.2)
    bluepill (~> 2.3)
    build-essential (~> 2.0)
    ohai (~> 2.0)
    runit (~> 1.2)
    yum-epel (~> 0.3)
  ohai (2.0.1)
  omnibus (2.4.0)
    7-zip (~> 1.0)
    build-essential (~> 2.0)
    chef-sugar (~> 2.0)
    homebrew (~> 1.5)
    windows (~> 1.30)
    wix (~> 1.1)
  omnibus-supermarket (1.0.0)
    enterprise (>= 0.0.0)
    nginx (>= 0.0.0)
    omnibus (>= 0.0.0)
    runit (>= 0.0.0)
    sysctl (>= 0.0.0)
    unicorn (>= 0.0.0)
  rsyslog (1.12.2)
  runit (1.5.10)
    build-essential (>= 0.0.0)
    yum (~> 3.0)
    yum-epel (>= 0.0.0)
  sysctl (0.6.0)
    ohai (>= 0.0.0)
  unicorn (2.0.0)
  windows (1.34.6)
    chef_handler (>= 0.0.0)
  wix (1.1.0)
    windows (>= 1.2.2)
  yum (3.3.2)
  yum-epel (0.5.1)
    yum (~> 3.0)
